
Microsoft Visual Studio Solution File, Format Version 12.00
# Visual Studio 15
VisualStudioVersion = 15.0.28307.421
MinimumVisualStudioVersion = 10.0.40219.1
Project("{FAE04EC0-301F-11D3-BF4B-00C04F79EFBC}") = "StateManagment_Lab", "StateManagment_Lab\StateManagment_Lab.csproj", "{FF6AA09D-756B-4CBC-9CBA-979C28DD7D6F}"
EndProject
Global
	GlobalSection(SolutionConfigurationPlatforms) = preSolution
		Debug|Any CPU = Debug|Any CPU
		Release|Any CPU = Release|Any CPU
	EndGlobalSection
	GlobalSection(ProjectConfigurationPlatforms) = postSolution
		{FF6AA09D-756B-4CBC-9CBA-979C28DD7D6F}.Debug|Any CPU.ActiveCfg = Debug|Any CPU
		{FF6AA09D-756B-4CBC-9CBA-979C28DD7D6F}.Debug|Any CPU.Build.0 = Debug|Any CPU
		{FF6AA09D-756B-4CBC-9CBA-979C28DD7D6F}.Release|Any CPU.ActiveCfg = Release|Any CPU
		{FF6AA09D-756B-4CBC-9CBA-979C28DD7D6F}.Release|Any CPU.Build.0 = Release|Any CPU
	EndGlobalSection
	GlobalSection(SolutionProperties) = preSolution
		HideSolutionNode = FALSE
	EndGlobalSection
	GlobalSection(ExtensibilityGlobals) = postSolution
		SolutionGuid = {B2410C0B-329C-456C-8D28-8D4D34D6C56F}
	EndGlobalSection
EndGlobal
